# The webhb release the web console is built on. tools/get-webhb.sh installs
# it into ext/webhb on the first make and checks it against the sha256.
# Set url to where the release's archive can be downloaded - until then a
# checkout next to this repository (../webhb) is used, or WEBHB_TARBALL=<file>.
version=0.2.0
url=
sha256=1fc2693d45795c9f0dcc9cd986fc28a2877fb295f2e401d6e6bded968ec4e871
